
Microsoft Visual Studio Solution File, Format Version 12.00
# Visual Studio 15
VisualStudioVersion = 15.0.26403.7
MinimumVisualStudioVersion = 10.0.40219.1
Project("{FAE04EC0-301F-11D3-BF4B-00C04F79EFBC}") = "IoTMonitor", "IoTMonitor\IoTMonitor\IoTMonitor.csproj", "{63D28EFD-1EE0-44B1-B165-508901005BA9}"
EndProject
Project("{FAE04EC0-301F-11D3-BF4B-00C04F79EFBC}") = "IoTMonitor.Android", "IoTMonitor\IoTMonitor.Android\IoTMonitor.Android.csproj", "{7680D5CF-0A1B-4C31-8AF7-7F745D4377DD}"
EndProject
Project("{FAE04EC0-301F-11D3-BF4B-00C04F79EFBC}") = "IoTMonitor.iOS", "IoTMonitor\IoTMonitor.iOS\IoTMonitor.iOS.csproj", "{9C185DDB-CFC2-491C-AE11-C5D4A825568C}"
EndProject
Project("{FAE04EC0-301F-11D3-BF4B-00C04F79EFBC}") = "IoTMonitor.UWP", "IoTMonitor\IoTMonitor.UWP\IoTMonitor.UWP.csproj", "{15DF70C9-D5A2-45D6-9BE5-861A71DA8585}"
EndProject
Global
	GlobalSection(SolutionConfigurationPlatforms) = preSolution
		Debug|Any CPU = Debug|Any CPU
		Debug|ARM = Debug|ARM
		Debug|iPhone = Debug|iPhone
		Debug|iPhoneSimulator = Debug|iPhoneSimulator
		Debug|x64 = Debug|x64
		Debug|x86 = Debug|x86
		Release|Any CPU = Release|Any CPU
		Release|ARM = Release|ARM
		Release|iPhone = Release|iPhone
		Release|iPhoneSimulator = Release|iPhoneSimulator
		Release|x64 = Release|x64
		Release|x86 = Release|x86
	EndGlobalSection
	GlobalSection(ProjectConfigurationPlatforms) = postSolution
		{63D28EFD-1EE0-44B1-B165-508901005BA9}.Debug|Any CPU.ActiveCfg = Debug|Any CPU
		{63D28EFD-1EE0-44B1-B165-508901005BA9}.Debug|Any CPU.Build.0 = Debug|Any CPU
		{63D28EFD-1EE0-44B1-B165-508901005BA9}.Debug|ARM.ActiveCfg = Debug|Any CPU
		{63D28EFD-1EE0-44B1-B165-508901005BA9}.Debug|ARM.Build.0 = Debug|Any CPU
		{63D28EFD-1EE0-44B1-B165-508901005BA9}.Debug|iPhone.ActiveCfg = Debug|Any CPU
		{63D28EFD-1EE0-44B1-B165-508901005BA9}.Debug|iPhone.Build.0 = Debug|Any CPU
		{63D28EFD-1EE0-44B1-B165-508901005BA9}.Debug|iPhoneSimulator.ActiveCfg = Debug|Any CPU
		{63D28EFD-1EE0-44B1-B165-508901005BA9}.Debug|iPhoneSimulator.Build.0 = Debug|Any CPU
		{63D28EFD-1EE0-44B1-B165-508901005BA9}.Debug|x64.ActiveCfg = Debug|Any CPU
		{63D28EFD-1EE0-44B1-B165-508901005BA9}.Debug|x64.Build.0 = Debug|Any CPU
		{63D28EFD-1EE0-44B1-B165-508901005BA9}.Debug|x86.ActiveCfg = Debug|Any CPU
		{63D28EFD-1EE0-44B1-B165-508901005BA9}.Debug|x86.Build.0 = Debug|Any CPU
		{63D28EFD-1EE0-44B1-B165-508901005BA9}.Release|Any CPU.ActiveCfg = Release|Any CPU
		{63D28EFD-1EE0-44B1-B165-508901005BA9}.Release|Any CPU.Build.0 = Release|Any CPU
		{63D28EFD-1EE0-44B1-B165-508901005BA9}.Release|ARM.ActiveCfg = Release|Any CPU
		{63D28EFD-1EE0-44B1-B165-508901005BA9}.Release|ARM.Build.0 = Release|Any CPU
		{63D28EFD-1EE0-44B1-B165-508901005BA9}.Release|iPhone.ActiveCfg = Release|Any CPU
		{63D28EFD-1EE0-44B1-B165-508901005BA9}.Release|iPhone.Build.0 = Release|Any CPU
		{63D28EFD-1EE0-44B1-B165-508901005BA9}.Release|iPhoneSimulator.ActiveCfg = Release|Any CPU
		{63D28EFD-1EE0-44B1-B165-508901005BA9}.Release|iPhoneSimulator.Build.0 = Release|Any CPU
		{63D28EFD-1EE0-44B1-B165-508901005BA9}.Release|x64.ActiveCfg = Release|Any CPU
		{63D28EFD-1EE0-44B1-B165-508901005BA9}.Release|x64.Build.0 = Release|Any CPU
		{63D28EFD-1EE0-44B1-B165-508901005BA9}.Release|x86.ActiveCfg = Release|Any CPU
		{63D28EFD-1EE0-44B1-B165-508901005BA9}.Release|x86.Build.0 = Release|Any CPU
		{7680D5CF-0A1B-4C31-8AF7-7F745D4377DD}.Debug|Any CPU.ActiveCfg = Debug|Any CPU
		{7680D5CF-0A1B-4C31-8AF7-7F745D4377DD}.Debug|Any CPU.Build.0 = Debug|Any CPU
		{7680D5CF-0A1B-4C31-8AF7-7F745D4377DD}.Debug|Any CPU.Deploy.0 = Debug|Any CPU
		{7680D5CF-0A1B-4C31-8AF7-7F745D4377DD}.Debug|ARM.ActiveCfg = Debug|Any CPU
		{7680D5CF-0A1B-4C31-8AF7-7F745D4377DD}.Debug|ARM.Build.0 = Debug|Any CPU
		{7680D5CF-0A1B-4C31-8AF7-7F745D4377DD}.Debug|ARM.Deploy.0 = Debug|Any CPU
		{7680D5CF-0A1B-4C31-8AF7-7F745D4377DD}.Debug|iPhone.ActiveCfg = Debug|Any CPU
		{7680D5CF-0A1B-4C31-8AF7-7F745D4377DD}.Debug|iPhone.Build.0 = Debug|Any CPU
		{7680D5CF-0A1B-4C31-8AF7-7F745D4377DD}.Debug|iPhone.Deploy.0 = Debug|Any CPU
		{7680D5CF-0A1B-4C31-8AF7-7F745D4377DD}.Debug|iPhoneSimulator.ActiveCfg = Debug|Any CPU
		{7680D5CF-0A1B-4C31-8AF7-7F745D4377DD}.Debug|iPhoneSimulator.Build.0 = Debug|Any CPU
		{7680D5CF-0A1B-4C31-8AF7-7F745D4377DD}.Debug|iPhoneSimulator.Deploy.0 = Debug|Any CPU
		{7680D5CF-0A1B-4C31-8AF7-7F745D4377DD}.Debug|x64.ActiveCfg = Debug|Any CPU
		{7680D5CF-0A1B-4C31-8AF7-7F745D4377DD}.Debug|x64.Build.0 = Debug|Any CPU
		{7680D5CF-0A1B-4C31-8AF7-7F745D4377DD}.Debug|x64.Deploy.0 = Debug|Any CPU
		{7680D5CF-0A1B-4C31-8AF7-7F745D4377DD}.Debug|x86.ActiveCfg = Debug|Any CPU
		{7680D5CF-0A1B-4C31-8AF7-7F745D4377DD}.Debug|x86.Build.0 = Debug|Any CPU
		{7680D5CF-0A1B-4C31-8AF7-7F745D4377DD}.Debug|x86.Deploy.0 = Debug|Any CPU
		{7680D5CF-0A1B-4C31-8AF7-7F745D4377DD}.Release|Any CPU.ActiveCfg = Release|Any CPU
		{7680D5CF-0A1B-4C31-8AF7-7F745D4377DD}.Release|Any CPU.Build.0 = Release|Any CPU
		{7680D5CF-0A1B-4C31-8AF7-7F745D4377DD}.Release|Any CPU.Deploy.0 = Release|Any CPU
		{7680D5CF-0A1B-4C31-8AF7-7F745D4377DD}.Release|ARM.ActiveCfg = Release|Any CPU
		{7680D5CF-0A1B-4C31-8AF7-7F745D4377DD}.Release|ARM.Build.0 = Release|Any CPU
		{7680D5CF-0A1B-4C31-8AF7-7F745D4377DD}.Release|ARM.Deploy.0 = Release|Any CPU
		{7680D5CF-0A1B-4C31-8AF7-7F745D4377DD}.Release|iPhone.ActiveCfg = Release|Any CPU
		{7680D5CF-0A1B-4C31-8AF7-7F745D4377DD}.Release|iPhone.Build.0 = Release|Any CPU
		{7680D5CF-0A1B-4C31-8AF7-7F745D4377DD}.Release|iPhone.Deploy.0 = Release|Any CPU
		{7680D5CF-0A1B-4C31-8AF7-7F745D4377DD}.Release|iPhoneSimulator.ActiveCfg = Release|Any CPU
		{7680D5CF-0A1B-4C31-8AF7-7F745D4377DD}.Release|iPhoneSimulator.Build.0 = Release|Any CPU
		{7680D5CF-0A1B-4C31-8AF7-7F745D4377DD}.Release|iPhoneSimulator.Deploy.0 = Release|Any CPU
		{7680D5CF-0A1B-4C31-8AF7-7F745D4377DD}.Release|x64.ActiveCfg = Release|Any CPU
		{7680D5CF-0A1B-4C31-8AF7-7F745D4377DD}.Release|x64.Build.0 = Release|Any CPU
		{7680D5CF-0A1B-4C31-8AF7-7F745D4377DD}.Release|x64.Deploy.0 = Release|Any CPU
		{7680D5CF-0A1B-4C31-8AF7-7F745D4377DD}.Release|x86.ActiveCfg = Release|Any CPU
		{7680D5CF-0A1B-4C31-8AF7-7F745D4377DD}.Release|x86.Build.0 = Release|Any CPU
		{7680D5CF-0A1B-4C31-8AF7-7F745D4377DD}.Release|x86.Deploy.0 = Release|Any CPU
		{9C185DDB-CFC2-491C-AE11-C5D4A825568C}.Debug|Any CPU.ActiveCfg = Debug|Any CPU
		{9C185DDB-CFC2-491C-AE11-C5D4A825568C}.Debug|Any CPU.Build.0 = Debug|Any CPU
		{9C185DDB-CFC2-491C-AE11-C5D4A825568C}.Debug|ARM.ActiveCfg = Debug|Any CPU
		{9C185DDB-CFC2-491C-AE11-C5D4A825568C}.Debug|ARM.Build.0 = Debug|Any CPU
		{9C185DDB-CFC2-491C-AE11-C5D4A825568C}.Debug|iPhone.ActiveCfg = Debug|iPhone
		{9C185DDB-CFC2-491C-AE11-C5D4A825568C}.Debug|iPhone.Build.0 = Debug|iPhone
		{9C185DDB-CFC2-491C-AE11-C5D4A825568C}.Debug|iPhoneSimulator.ActiveCfg = Debug|iPhoneSimulator
		{9C185DDB-CFC2-491C-AE11-C5D4A825568C}.Debug|iPhoneSimulator.Build.0 = Debug|iPhoneSimulator
		{9C185DDB-CFC2-491C-AE11-C5D4A825568C}.Debug|x64.ActiveCfg = Debug|Any CPU
		{9C185DDB-CFC2-491C-AE11-C5D4A825568C}.Debug|x64.Build.0 = Debug|Any CPU
		{9C185DDB-CFC2-491C-AE11-C5D4A825568C}.Debug|x86.ActiveCfg = Debug|Any CPU
		{9C185DDB-CFC2-491C-AE11-C5D4A825568C}.Debug|x86.Build.0 = Debug|Any CPU
		{9C185DDB-CFC2-491C-AE11-C5D4A825568C}.Release|Any CPU.ActiveCfg = Release|Any CPU
		{9C185DDB-CFC2-491C-AE11-C5D4A825568C}.Release|Any CPU.Build.0 = Release|Any CPU
		{9C185DDB-CFC2-491C-AE11-C5D4A825568C}.Release|ARM.ActiveCfg = Release|Any CPU
		{9C185DDB-CFC2-491C-AE11-C5D4A825568C}.Release|ARM.Build.0 = Release|Any CPU
		{9C185DDB-CFC2-491C-AE11-C5D4A825568C}.Release|iPhone.ActiveCfg = Release|iPhone
		{9C185DDB-CFC2-491C-AE11-C5D4A825568C}.Release|iPhone.Build.0 = Release|iPhone
		{9C185DDB-CFC2-491C-AE11-C5D4A825568C}.Release|iPhoneSimulator.ActiveCfg = Release|iPhoneSimulator
		{9C185DDB-CFC2-491C-AE11-C5D4A825568C}.Release|iPhoneSimulator.Build.0 = Release|iPhoneSimulator
		{9C185DDB-CFC2-491C-AE11-C5D4A825568C}.Release|x64.ActiveCfg = Release|Any CPU
		{9C185DDB-CFC2-491C-AE11-C5D4A825568C}.Release|x64.Build.0 = Release|Any CPU
		{9C185DDB-CFC2-491C-AE11-C5D4A825568C}.Release|x86.ActiveCfg = Release|Any CPU
		{9C185DDB-CFC2-491C-AE11-C5D4A825568C}.Release|x86.Build.0 = Release|Any CPU
		{15DF70C9-D5A2-45D6-9BE5-861A71DA8585}.Debug|Any CPU.ActiveCfg = Debug|x86
		{15DF70C9-D5A2-45D6-9BE5-861A71DA8585}.Debug|Any CPU.Build.0 = Debug|x86
		{15DF70C9-D5A2-45D6-9BE5-861A71DA8585}.Debug|Any CPU.Deploy.0 = Debug|x86
		{15DF70C9-D5A2-45D6-9BE5-861A71DA8585}.Debug|ARM.ActiveCfg = Debug|ARM
		{15DF70C9-D5A2-45D6-9BE5-861A71DA8585}.Debug|ARM.Build.0 = Debug|ARM
		{15DF70C9-D5A2-45D6-9BE5-861A71DA8585}.Debug|ARM.Deploy.0 = Debug|ARM
		{15DF70C9-D5A2-45D6-9BE5-861A71DA8585}.Debug|iPhone.ActiveCfg = Debug|x86
		{15DF70C9-D5A2-45D6-9BE5-861A71DA8585}.Debug|iPhoneSimulator.ActiveCfg = Debug|x86
		{15DF70C9-D5A2-45D6-9BE5-861A71DA8585}.Debug|x64.ActiveCfg = Debug|x64
		{15DF70C9-D5A2-45D6-9BE5-861A71DA8585}.Debug|x64.Build.0 = Debug|x64
		{15DF70C9-D5A2-45D6-9BE5-861A71DA8585}.Debug|x64.Deploy.0 = Debug|x64
		{15DF70C9-D5A2-45D6-9BE5-861A71DA8585}.Debug|x86.ActiveCfg = Debug|x86
		{15DF70C9-D5A2-45D6-9BE5-861A71DA8585}.Debug|x86.Build.0 = Debug|x86
		{15DF70C9-D5A2-45D6-9BE5-861A71DA8585}.Debug|x86.Deploy.0 = Debug|x86
		{15DF70C9-D5A2-45D6-9BE5-861A71DA8585}.Release|Any CPU.ActiveCfg = Release|x86
		{15DF70C9-D5A2-45D6-9BE5-861A71DA8585}.Release|ARM.ActiveCfg = Release|ARM
		{15DF70C9-D5A2-45D6-9BE5-861A71DA8585}.Release|ARM.Build.0 = Release|ARM
		{15DF70C9-D5A2-45D6-9BE5-861A71DA8585}.Release|ARM.Deploy.0 = Release|ARM
		{15DF70C9-D5A2-45D6-9BE5-861A71DA8585}.Release|iPhone.ActiveCfg = Release|x86
		{15DF70C9-D5A2-45D6-9BE5-861A71DA8585}.Release|iPhoneSimulator.ActiveCfg = Release|x86
		{15DF70C9-D5A2-45D6-9BE5-861A71DA8585}.Release|x64.ActiveCfg = Release|x64
		{15DF70C9-D5A2-45D6-9BE5-861A71DA8585}.Release|x64.Build.0 = Release|x64
		{15DF70C9-D5A2-45D6-9BE5-861A71DA8585}.Release|x64.Deploy.0 = Release|x64
		{15DF70C9-D5A2-45D6-9BE5-861A71DA8585}.Release|x86.ActiveCfg = Release|x86
		{15DF70C9-D5A2-45D6-9BE5-861A71DA8585}.Release|x86.Build.0 = Release|x86
		{15DF70C9-D5A2-45D6-9BE5-861A71DA8585}.Release|x86.Deploy.0 = Release|x86
	EndGlobalSection
	GlobalSection(SolutionProperties) = preSolution
		HideSolutionNode = FALSE
	EndGlobalSection
EndGlobal
